Microsoft Visual Studio Solution File, Format Version 12.00
# Visual Studio Version 17
VisualStudioVersion = 17.5.2.0
MinimumVisualStudioVersion = 10.0.40219.1
Project("{FAE04EC0-301F-11D3-BF4B-00C04F79EFBC}") = "prj2", "VTCAcademy_PF1127_HotelSync-master\prj2.csproj", "{18C76CCA-A313-35AB-64F8-BCF4D32D664E}"
EndProject
Global
	GlobalSection(SolutionConfigurationPlatforms) = preSolution
		Debug|Any CPU = Debug|Any CPU
		Release|Any CPU = Release|Any CPU
	EndGlobalSection
	GlobalSection(ProjectConfigurationPlatforms) = postSolution
		{18C76CCA-A313-35AB-64F8-BCF4D32D664E}.Debug|Any CPU.ActiveCfg = Debug|Any CPU
		{18C76CCA-A313-35AB-64F8-BCF4D32D664E}.Debug|Any CPU.Build.0 = Debug|Any CPU
		{18C76CCA-A313-35AB-64F8-BCF4D32D664E}.Release|Any CPU.ActiveCfg = Release|Any CPU
		{18C76CCA-A313-35AB-64F8-BCF4D32D664E}.Release|Any CPU.Build.0 = Release|Any CPU
	EndGlobalSection
	GlobalSection(SolutionProperties) = preSolution
		HideSolutionNode = FALSE
	EndGlobalSection
	GlobalSection(ExtensibilityGlobals) = postSolution
		SolutionGuid = {3A24ADD3-BAFB-4BB6-9782-69B481D9A50F}
	EndGlobalSection
EndGlobal
